
Microsoft Visual Studio Solution File, Format Version 12.00
# Visual Studio Version 17
VisualStudioVersion = 17.11.35327.3
MinimumVisualStudioVersion = 10.0.40219.1
Project("{9A19103F-16F7-4668-BE54-9A1E7A4F7556}") = "TransportForLondonTests", "TransportForLondonTests.csproj", "{4FF3B300-F62A-4003-BE5E-E6A460F4470E}"
EndProject
Global
	GlobalSection(SolutionConfigurationPlatforms) = preSolution
		Debug|Any CPU = Debug|Any CPU
		Release|Any CPU = Release|Any CPU
	EndGlobalSection
	GlobalSection(ProjectConfigurationPlatforms) = postSolution
		{4FF3B300-F62A-4003-BE5E-E6A460F4470E}.Debug|Any CPU.ActiveCfg = Debug|Any CPU
		{4FF3B300-F62A-4003-BE5E-E6A460F4470E}.Debug|Any CPU.Build.0 = Debug|Any CPU
		{4FF3B300-F62A-4003-BE5E-E6A460F4470E}.Release|Any CPU.ActiveCfg = Release|Any CPU
		{4FF3B300-F62A-4003-BE5E-E6A460F4470E}.Release|Any CPU.Build.0 = Release|Any CPU
	EndGlobalSection
	GlobalSection(SolutionProperties) = preSolution
		HideSolutionNode = FALSE
	EndGlobalSection
	GlobalSection(ExtensibilityGlobals) = postSolution
		SolutionGuid = {575CD057-A954-48A9-811D-1B8F852099A4}
	EndGlobalSection
EndGlobal
